
Microsoft Visual Studio Solution File, Format Version 12.00
# Visual Studio Version 17
VisualStudioVersion = 17.14.36414.22 d17.14
MinimumVisualStudioVersion = 10.0.40219.1
Project("{888888A0-9F3D-457C-B088-3A5042F75D52}") = "PostFixMathProgram", "PostFixMathProgram\PostFixMathProgram.pyproj", "{59C43EBC-F1C3-417F-9923-EF14BF0B2605}"
EndProject
Global
	GlobalSection(SolutionConfigurationPlatforms) = preSolution
		Debug|Any CPU = Debug|Any CPU
		Release|Any CPU = Release|Any CPU
	EndGlobalSection
	GlobalSection(ProjectConfigurationPlatforms) = postSolution
		{59C43EBC-F1C3-417F-9923-EF14BF0B2605}.Debug|Any CPU.ActiveCfg = Debug|Any CPU
		{59C43EBC-F1C3-417F-9923-EF14BF0B2605}.Release|Any CPU.ActiveCfg = Release|Any CPU
	EndGlobalSection
	GlobalSection(SolutionProperties) = preSolution
		HideSolutionNode = FALSE
	EndGlobalSection
	GlobalSection(ExtensibilityGlobals) = postSolution
		SolutionGuid = {95FC7837-C163-47E1-AC06-7E1431C706D5}
	EndGlobalSection
EndGlobal
