
Microsoft Visual Studio Solution File, Format Version 12.00
# Visual Studio Version 17
VisualStudioVersion = 17.14.36414.22 d17.14
MinimumVisualStudioVersion = 10.0.40219.1
Project("{888888A0-9F3D-457C-B088-3A5042F75D52}") = "LinkedListDemo", "LinkedListDemo\LinkedListDemo.pyproj", "{59E6220F-2023-450E-B139-6AADC911D25D}"
EndProject
Global
	GlobalSection(SolutionConfigurationPlatforms) = preSolution
		Debug|Any CPU = Debug|Any CPU
		Release|Any CPU = Release|Any CPU
	EndGlobalSection
	GlobalSection(ProjectConfigurationPlatforms) = postSolution
		{59E6220F-2023-450E-B139-6AADC911D25D}.Debug|Any CPU.ActiveCfg = Debug|Any CPU
		{59E6220F-2023-450E-B139-6AADC911D25D}.Release|Any CPU.ActiveCfg = Release|Any CPU
	EndGlobalSection
	GlobalSection(SolutionProperties) = preSolution
		HideSolutionNode = FALSE
	EndGlobalSection
	GlobalSection(ExtensibilityGlobals) = postSolution
		SolutionGuid = {8F5E7E92-A7AC-4606-9448-87861F2E8BF4}
	EndGlobalSection
EndGlobal
