
Microsoft Visual Studio Solution File, Format Version 12.00
# Visual Studio Version 17
VisualStudioVersion = 17.14.36414.22 d17.14
MinimumVisualStudioVersion = 10.0.40219.1
Project("{888888A0-9F3D-457C-B088-3A5042F75D52}") = "RuntimeAlgorithms", "RuntimeAlgorithms\RuntimeAlgorithms.pyproj", "{C815128E-DA6A-4D1E-A0E4-BA90086A2BFF}"
EndProject
Global
	GlobalSection(SolutionConfigurationPlatforms) = preSolution
		Debug|Any CPU = Debug|Any CPU
		Release|Any CPU = Release|Any CPU
	EndGlobalSection
	GlobalSection(ProjectConfigurationPlatforms) = postSolution
		{C815128E-DA6A-4D1E-A0E4-BA90086A2BFF}.Debug|Any CPU.ActiveCfg = Debug|Any CPU
		{C815128E-DA6A-4D1E-A0E4-BA90086A2BFF}.Release|Any CPU.ActiveCfg = Release|Any CPU
	EndGlobalSection
	GlobalSection(SolutionProperties) = preSolution
		HideSolutionNode = FALSE
	EndGlobalSection
	GlobalSection(ExtensibilityGlobals) = postSolution
		SolutionGuid = {FA8DEB53-4EEC-46A8-8E0E-4F486B4EFEBD}
	EndGlobalSection
EndGlobal
